
Microsoft Visual Studio Solution File, Format Version 12.00
# Visual Studio Version 17
VisualStudioVersion = 17.13.35919.96 d17.13
MinimumVisualStudioVersion = 10.0.40219.1
Project("{FAE04EC0-301F-11D3-BF4B-00C04F79EFBC}") = "LaboratorioPagina90", "LaboratorioPagina90\LaboratorioPagina90.csproj", "{9B6B49B1-BD76-45D1-86DF-A195686CFD27}"
EndProject
Global
	GlobalSection(SolutionConfigurationPlatforms) = preSolution
		Debug|Any CPU = Debug|Any CPU
		Release|Any CPU = Release|Any CPU
	EndGlobalSection
	GlobalSection(ProjectConfigurationPlatforms) = postSolution
		{9B6B49B1-BD76-45D1-86DF-A195686CFD27}.Debug|Any CPU.ActiveCfg = Debug|Any CPU
		{9B6B49B1-BD76-45D1-86DF-A195686CFD27}.Debug|Any CPU.Build.0 = Debug|Any CPU
		{9B6B49B1-BD76-45D1-86DF-A195686CFD27}.Release|Any CPU.ActiveCfg = Release|Any CPU
		{9B6B49B1-BD76-45D1-86DF-A195686CFD27}.Release|Any CPU.Build.0 = Release|Any CPU
	EndGlobalSection
	GlobalSection(SolutionProperties) = preSolution
		HideSolutionNode = FALSE
	EndGlobalSection
	GlobalSection(ExtensibilityGlobals) = postSolution
		SolutionGuid = {F2C003A1-5050-4BDB-8AE9-0078D3B60CFF}
	EndGlobalSection
EndGlobal
